
Microsoft Visual Studio Solution File, Format Version 12.00
# Visual Studio Version 17
VisualStudioVersion = 17.2.32616.157
MinimumVisualStudioVersion = 10.0.40219.1
Project("{9A19103F-16F7-4668-BE54-9A1E7A4F7556}") = "Kurs Youtube", "Kurs Youtube\Kurs Youtube.csproj", "{A1CF5E2A-0BE3-4D5C-BB82-CAEE4E19252D}"
EndProject
Project("{FAE04EC0-301F-11D3-BF4B-00C04F79EFBC}") = "Dodatkowe_cwiczenia", "..\Dodatkowe_cwiczenia\Dodatkowe_cwiczenia.csproj", "{2F4B20D2-5525-4857-8AD3-0B2B374C416C}"
EndProject
Global
	GlobalSection(SolutionConfigurationPlatforms) = preSolution
		Debug|Any CPU = Debug|Any CPU
		Release|Any CPU = Release|Any CPU
	EndGlobalSection
	GlobalSection(ProjectConfigurationPlatforms) = postSolution
		{A1CF5E2A-0BE3-4D5C-BB82-CAEE4E19252D}.Debug|Any CPU.ActiveCfg = Debug|Any CPU
		{A1CF5E2A-0BE3-4D5C-BB82-CAEE4E19252D}.Debug|Any CPU.Build.0 = Debug|Any CPU
		{A1CF5E2A-0BE3-4D5C-BB82-CAEE4E19252D}.Release|Any CPU.ActiveCfg = Release|Any CPU
		{A1CF5E2A-0BE3-4D5C-BB82-CAEE4E19252D}.Release|Any CPU.Build.0 = Release|Any CPU
		{2F4B20D2-5525-4857-8AD3-0B2B374C416C}.Debug|Any CPU.ActiveCfg = Debug|Any CPU
		{2F4B20D2-5525-4857-8AD3-0B2B374C416C}.Debug|Any CPU.Build.0 = Debug|Any CPU
		{2F4B20D2-5525-4857-8AD3-0B2B374C416C}.Release|Any CPU.ActiveCfg = Release|Any CPU
		{2F4B20D2-5525-4857-8AD3-0B2B374C416C}.Release|Any CPU.Build.0 = Release|Any CPU
	EndGlobalSection
	GlobalSection(SolutionProperties) = preSolution
		HideSolutionNode = FALSE
	EndGlobalSection
	GlobalSection(ExtensibilityGlobals) = postSolution
		SolutionGuid = {00614EDA-940A-44B6-9A54-601A516D2C00}
	EndGlobalSection
EndGlobal
